
Microsoft Visual Studio Solution File, Format Version 12.00
# Visual Studio Version 17
VisualStudioVersion = 17.4.33213.308
MinimumVisualStudioVersion = 10.0.40219.1
Project("{FAE04EC0-301F-11D3-BF4B-00C04F79EFBC}") = "sieunhanz", "sieunhanz\sieunhanz.csproj", "{ADC07E5F-133E-4A6A-96D4-AB239E1C432B}"
EndProject
Global
	GlobalSection(SolutionConfigurationPlatforms) = preSolution
		Debug|Any CPU = Debug|Any CPU
		Release|Any CPU = Release|Any CPU
	EndGlobalSection
	GlobalSection(ProjectConfigurationPlatforms) = postSolution
		{ADC07E5F-133E-4A6A-96D4-AB239E1C432B}.Debug|Any CPU.ActiveCfg = Debug|Any CPU
		{ADC07E5F-133E-4A6A-96D4-AB239E1C432B}.Debug|Any CPU.Build.0 = Debug|Any CPU
		{ADC07E5F-133E-4A6A-96D4-AB239E1C432B}.Release|Any CPU.ActiveCfg = Release|Any CPU
		{ADC07E5F-133E-4A6A-96D4-AB239E1C432B}.Release|Any CPU.Build.0 = Release|Any CPU
	EndGlobalSection
	GlobalSection(SolutionProperties) = preSolution
		HideSolutionNode = FALSE
	EndGlobalSection
	GlobalSection(ExtensibilityGlobals) = postSolution
		SolutionGuid = {8FF9B989-9CCE-4211-B987-251A09807393}
	EndGlobalSection
EndGlobal
